
Microsoft Visual Studio Solution File, Format Version 12.00
# Visual Studio Version 16
VisualStudioVersion = 16.0.30204.135
MinimumVisualStudioVersion = 10.0.40219.1
Project("{FAE04EC0-301F-11D3-BF4B-00C04F79EFBC}") = "KursS02Classes", "KursS02Classes\KursS02Classes.csproj", "{E51DD0F8-948A-4DC2-A03F-BBA5FB80DBBF}"
EndProject
Global
	GlobalSection(SolutionConfigurationPlatforms) = preSolution
		Debug|Any CPU = Debug|Any CPU
		Release|Any CPU = Release|Any CPU
	EndGlobalSection
	GlobalSection(ProjectConfigurationPlatforms) = postSolution
		{E51DD0F8-948A-4DC2-A03F-BBA5FB80DBBF}.Debug|Any CPU.ActiveCfg = Debug|Any CPU
		{E51DD0F8-948A-4DC2-A03F-BBA5FB80DBBF}.Debug|Any CPU.Build.0 = Debug|Any CPU
		{E51DD0F8-948A-4DC2-A03F-BBA5FB80DBBF}.Release|Any CPU.ActiveCfg = Release|Any CPU
		{E51DD0F8-948A-4DC2-A03F-BBA5FB80DBBF}.Release|Any CPU.Build.0 = Release|Any CPU
	EndGlobalSection
	GlobalSection(SolutionProperties) = preSolution
		HideSolutionNode = FALSE
	EndGlobalSection
	GlobalSection(ExtensibilityGlobals) = postSolution
		SolutionGuid = {8A5AD41C-7974-4F7A-94C3-42D7EEE842C0}
	EndGlobalSection
EndGlobal
